{
  "name": "md-to-html",
  "version": "1.0.0",
  "lockfileVersion": 1,
  "requires": true,
  "dependencies": {
    "align-text": {
      "version": "0.1.4",
      "resolved": "https://registry.npmjs.org/align-text/-/align-text-0.1.4.tgz",
      "integrity": "sha1-DNkKVhCT810KmSVsIrcGlDP60Rc=",
      "requires": {
        "kind-of": "3.2.2",
        "longest": "1.0.1",
        "repeat-string": "1.6.1"
      }
    },
    "amdefine": {
      "version": "1.0.1",
      "resolved": "https://registry.npmjs.org/amdefine/-/amdefine-1.0.1.tgz",
      "integrity": "sha1-SlKCrBZHKek2Gbz9OtFR+BfOkfU="
    },
    "ansi-regex": {
      "version": "2.1.1",
      "resolved": "https://registry.npmjs.org/ansi-regex/-/ansi-regex-2.1.1.tgz",
      "integrity": "sha1-w7M6te42DYbg5ijwRorn7yfWVN8="
    },
    "argparse": {
      "version": "1.0.10",
      "resolved": "https://registry.npmjs.org/argparse/-/argparse-1.0.10.tgz",
      "integrity": "sha512-o5Roy6tNG4SL/FOkCAN6RzjiakZS25RLYFrcMttJqbdd8BWrnA+fGz57iN5Pb06pvBGvl5gQ0B48dJlslXvoTg==",
      "requires": {
        "sprintf-js": "1.0.3"
      }
    },
    "async": {
      "version": "1.5.2",
      "resolved": "https://registry.npmjs.org/async/-/async-1.5.2.tgz",
      "integrity": "sha1-7GphrlZIDAw8skHJVhjiCJL5Zyo="
    },
    "bail": {
      "version": "1.0.3",
      "resolved": "https://registry.npmjs.org/bail/-/bail-1.0.3.tgz",
      "integrity": "sha512-1X8CnjFVQ+a+KW36uBNMTU5s8+v5FzeqrP7hTG5aTb4aPreSbZJlhwPon9VKMuEVgV++JM+SQrALY3kr7eswdg=="
    },
    "balanced-match": {
      "version": "1.0.0",
      "resolved": "https://registry.npmjs.org/balanced-match/-/balanced-match-1.0.0.tgz",
      "integrity": "sha1-ibTRmasr7kneFk6gK4nORi1xt2c="
    },
    "brace-expansion": {
      "version": "1.1.11",
      "resolved": "https://registry.npmjs.org/brace-expansion/-/brace-expansion-1.1.11.tgz",
      "integrity": "sha512-iCuPHDFgrHX7H2vEI/5xpz07zSHB00TpugqhmYtVmMO6518mCuRMoOYFldEBl0g187ufozdaHgWKcYFb61qGiA==",
      "requires": {
        "balanced-match": "1.0.0",
        "concat-map": "0.0.1"
      }
    },
    "builtin-modules": {
      "version": "1.1.1",
      "resolved": "https://registry.npmjs.org/builtin-modules/-/builtin-modules-1.1.1.tgz",
      "integrity": "sha1-Jw8HbFpywC9bZaR9+Uxf46J4iS8="
    },
    "camelcase": {
      "version": "3.0.0",
      "resolved": "https://registry.npmjs.org/camelcase/-/camelcase-3.0.0.tgz",
      "integrity": "sha1-MvxLn82vhF/N9+c7uXysImHwqwo="
    },
    "ccount": {
      "version": "1.0.3",
      "resolved": "https://registry.npmjs.org/ccount/-/ccount-1.0.3.tgz",
      "integrity": "sha512-Jt9tIBkRc9POUof7QA/VwWd+58fKkEEfI+/t1/eOlxKM7ZhrczNzMFefge7Ai+39y1pR/pP6cI19guHy3FSLmw=="
    },
    "center-align": {
      "version": "0.1.3",
      "resolved": "https://registry.npmjs.org/center-align/-/center-align-0.1.3.tgz",
      "integrity": "sha1-qg0yYptu6XIgBBHL1EYckHvCt60=",
      "optional": true,
      "requires": {
        "align-text": "0.1.4",
        "lazy-cache": "1.0.4"
      }
    },
    "character-entities": {
      "version": "1.2.2",
      "resolved": "https://registry.npmjs.org/character-entities/-/character-entities-1.2.2.tgz",
      "integrity": "sha512-sMoHX6/nBiy3KKfC78dnEalnpn0Az0oSNvqUWYTtYrhRI5iUIYsROU48G+E+kMFQzqXaJ8kHJZ85n7y6/PHgwQ=="
    },
    "character-entities-html4": {
      "version": "1.1.2",
      "resolved": "https://registry.npmjs.org/character-entities-html4/-/character-entities-html4-1.1.2.tgz",
      "integrity": "sha512-sIrXwyna2+5b0eB9W149izTPJk/KkJTg6mEzDGibwBUkyH1SbDa+nf515Ppdi3MaH35lW0JFJDWeq9Luzes1Iw=="
    },
    "character-entities-legacy": {
      "version": "1.1.2",
      "resolved": "https://registry.npmjs.org/character-entities-legacy/-/character-entities-legacy-1.1.2.tgz",
      "integrity": "sha512-9NB2VbXtXYWdXzqrvAHykE/f0QJxzaKIpZ5QzNZrrgQ7Iyxr2vnfS8fCBNVW9nUEZE0lo57nxKRqnzY/dKrwlA=="
    },
    "character-reference-invalid": {
      "version": "1.1.2",
      "resolved": "https://registry.npmjs.org/character-reference-invalid/-/character-reference-invalid-1.1.2.tgz",
      "integrity": "sha512-7I/xceXfKyUJmSAn/jw8ve/9DyOP7XxufNYLI9Px7CmsKgEUaZLUTax6nZxGQtaoiZCjpu6cHPj20xC/vqRReQ=="
    },
    "cliui": {
      "version": "2.1.0",
      "resolved": "https://registry.npmjs.org/cliui/-/cliui-2.1.0.tgz",
      "integrity": "sha1-S0dXYP+AJkx2LDoXGQMukcf+oNE=",
      "optional": true,
      "requires": {
        "center-align": "0.1.3",
        "right-align": "0.1.3",
        "wordwrap": "0.0.2"
      },
      "dependencies": {
        "wordwrap": {
          "version": "0.0.2",
          "resolved": "https://registry.npmjs.org/wordwrap/-/wordwrap-0.0.2.tgz",
          "integrity": "sha1-t5Zpu0LstAn4PVg8rVLKF+qhZD8=",
          "optional": true
        }
      }
    },
    "clone": {
      "version": "1.0.4",
      "resolved": "https://registry.npmjs.org/clone/-/clone-1.0.4.tgz",
      "integrity": "sha1-2jCcwmPfFZlMaIypAheco8fNfH4="
    },
    "code-point-at": {
      "version": "1.1.0",
      "resolved": "https://registry.npmjs.org/code-point-at/-/code-point-at-1.1.0.tgz",
      "integrity": "sha1-DQcLTQQ6W+ozovGkDi7bPZpMz3c="
    },
    "collapse-white-space": {
      "version": "1.0.4",
      "resolved": "https://registry.npmjs.org/collapse-white-space/-/collapse-white-space-1.0.4.tgz",
      "integrity": "sha512-YfQ1tAUZm561vpYD+5eyWN8+UsceQbSrqqlc/6zDY2gtAE+uZLSdkkovhnGpmCThsvKBFakq4EdY/FF93E8XIw=="
    },
    "comma-separated-tokens": {
      "version": "1.0.5",
      "resolved": "https://registry.npmjs.org/comma-separated-tokens/-/comma-separated-tokens-1.0.5.tgz",
      "integrity": "sha512-Cg90/fcK93n0ecgYTAz1jaA3zvnQ0ExlmKY1rdbyHqAx6BHxwoJc+J7HDu0iuQ7ixEs1qaa+WyQ6oeuBpYP1iA==",
      "requires": {
        "trim": "0.0.1"
      }
    },
    "concat-map": {
      "version": "0.0.1",
      "resolved": "https://registry.npmjs.org/concat-map/-/concat-map-0.0.1.tgz",
      "integrity": "sha1-2Klr13/Wjfd5OnMDajug1UBdR3s="
    },
    "core-util-is": {
      "version": "1.0.2",
      "resolved": "https://registry.npmjs.org/core-util-is/-/core-util-is-1.0.2.tgz",
      "integrity": "sha1-tf1UIgqivFq1eqtxQMlAdUUDwac="
    },
    "decamelize": {
      "version": "1.2.0",
      "resolved": "https://registry.npmjs.org/decamelize/-/decamelize-1.2.0.tgz",
      "integrity": "sha1-9lNNFRSCabIDUue+4m9QH5oZEpA="
    },
    "detab": {
      "version": "2.0.1",
      "resolved": "https://registry.npmjs.org/detab/-/detab-2.0.1.tgz",
      "integrity": "sha512-/hhdqdQc5thGrqzjyO/pz76lDZ5GSuAs6goxOaKTsvPk7HNnzAyFN5lyHgqpX4/s1i66K8qMGj+VhA9504x7DQ==",
      "requires": {
        "repeat-string": "1.6.1"
      }
    },
    "doctype": {
      "version": "2.0.1",
      "resolved": "https://registry.npmjs.org/doctype/-/doctype-2.0.1.tgz",
      "integrity": "sha1-FDEKgyShh2MFjUHrBeFs8Sf4E2I="
    },
    "error-ex": {
      "version": "1.3.1",
      "resolved": "https://registry.npmjs.org/error-ex/-/error-ex-1.3.1.tgz",
      "integrity": "sha1-+FWobOYa3E6GIcPNoh56dhLDqNw=",
      "requires": {
        "is-arrayish": "0.2.1"
      }
    },
    "esprima": {
      "version": "2.7.3",
      "resolved": "https://registry.npmjs.org/esprima/-/esprima-2.7.3.tgz",
      "integrity": "sha1-luO3DVd59q1JzQMmc9HDEnZ7pYE="
    },
    "extend": {
      "version": "3.0.1",
      "resolved": "https://registry.npmjs.org/extend/-/extend-3.0.1.tgz",
      "integrity": "sha1-p1Xqe8Gt/MWjHOfnYtuq3F5jZEQ="
    },
    "find-up": {
      "version": "1.1.2",
      "resolved": "https://registry.npmjs.org/find-up/-/find-up-1.1.2.tgz",
      "integrity": "sha1-ay6YIrGizgpgq2TWEOzK1TyyTQ8=",
      "requires": {
        "path-exists": "2.1.0",
        "pinkie-promise": "2.0.1"
      }
    },
    "get-caller-file": {
      "version": "1.0.2",
      "resolved": "https://registry.npmjs.org/get-caller-file/-/get-caller-file-1.0.2.tgz",
      "integrity": "sha1-9wLmMSfn4jHBYKgMFVSstw1QR+U="
    },
    "glob-parse": {
      "version": "0.0.1",
      "resolved": "https://registry.npmjs.org/glob-parse/-/glob-parse-0.0.1.tgz",
      "integrity": "sha1-N9Ml6xVTvpwfQnJzinVWZEWGbdY="
    },
    "graceful-fs": {
      "version": "4.1.11",
      "resolved": "https://registry.npmjs.org/graceful-fs/-/graceful-fs-4.1.11.tgz",
      "integrity": "sha1-Dovf5NHduIVNZOBOp8AOKgJuVlg="
    },
    "handlebars": {
      "version": "4.0.11",
      "resolved": "https://registry.npmjs.org/handlebars/-/handlebars-4.0.11.tgz",
      "integrity": "sha1-Ywo13+ApS8KB7a5v/F0yn8eYLcw=",
      "requires": {
        "async": "1.5.2",
        "optimist": "0.6.1",
        "source-map": "0.4.4",
        "uglify-js": "2.8.29"
      }
    },
    "hast-util-is-element": {
      "version": "1.0.0",
      "resolved": "https://registry.npmjs.org/hast-util-is-element/-/hast-util-is-element-1.0.0.tgz",
      "integrity": "sha1-P3IWl4sq4U2YdJh4eCZ18zvjzgA="
    },
    "hast-util-parse-selector": {
      "version": "2.1.0",
      "resolved": "https://registry.npmjs.org/hast-util-parse-selector/-/hast-util-parse-selector-2.1.0.tgz",
      "integrity": "sha1-tVwPS7e7IEDIicMl74erKcOBArQ="
    },
    "hast-util-sanitize": {
      "version": "1.1.2",
      "resolved": "https://registry.npmjs.org/hast-util-sanitize/-/hast-util-sanitize-1.1.2.tgz",
      "integrity": "sha1-0QvWdXoh5ZwTq8iuNTDdO219Z54=",
      "requires": {
        "xtend": "4.0.1"
      }
    },
    "hast-util-to-html": {
      "version": "3.1.0",
      "resolved": "https://registry.npmjs.org/hast-util-to-html/-/hast-util-to-html-3.1.0.tgz",
      "integrity": "sha1-iCyZhJ5AEw6ZHAQuRW1FPZXDbP8=",
      "requires": {
        "ccount": "1.0.3",
        "comma-separated-tokens": "1.0.5",
        "hast-util-is-element": "1.0.0",
        "hast-util-whitespace": "1.0.0",
        "html-void-elements": "1.0.3",
        "kebab-case": "1.0.0",
        "property-information": "3.2.0",
        "space-separated-tokens": "1.1.2",
        "stringify-entities": "1.3.1",
        "unist-util-is": "2.1.1",
        "xtend": "4.0.1"
      }
    },
    "hast-util-whitespace": {
      "version": "1.0.0",
      "resolved": "https://registry.npmjs.org/hast-util-whitespace/-/hast-util-whitespace-1.0.0.tgz",
      "integrity": "sha1-vQlpGWJdKTbh/xe8Tff9cn8X7Ok="
    },
    "hastscript": {
      "version": "3.1.0",
      "resolved": "https://registry.npmjs.org/hastscript/-/hastscript-3.1.0.tgz",
      "integrity": "sha512-8V34dMSDT1Ik+ZSgTzCLdyp89MrWxcxctXPxhmb72GQj1Xkw1aHPM9UaHCWewvH2Q+PVkYUm4ZJVw4T0dgEGNA==",
      "requires": {
        "camelcase": "3.0.0",
        "comma-separated-tokens": "1.0.5",
        "hast-util-parse-selector": "2.1.0",
        "property-information": "3.2.0",
        "space-separated-tokens": "1.1.2"
      }
    },
    "highlight.js": {
      "version": "9.12.0",
      "resolved": "https://registry.npmjs.org/highlight.js/-/highlight.js-9.12.0.tgz",
      "integrity": "sha1-5tnb5Xy+/mB1HwKvM2GVhwyQwB4="
    },
    "hosted-git-info": {
      "version": "2.6.0",
      "resolved": "https://registry.npmjs.org/hosted-git-info/-/hosted-git-info-2.6.0.tgz",
      "integrity": "sha512-lIbgIIQA3lz5XaB6vxakj6sDHADJiZadYEJB+FgA+C4nubM1NwcuvUr9EJPmnH1skZqpqUzWborWo8EIUi0Sdw=="
    },
    "html-void-elements": {
      "version": "1.0.3",
      "resolved": "https://registry.npmjs.org/html-void-elements/-/html-void-elements-1.0.3.tgz",
      "integrity": "sha512-SaGhCDPXJVNrQyKMtKy24q6IMdXg5FCPN3z+xizxw9l+oXQw5fOoaj/ERU5KqWhSYhXtW5bWthlDbTDLBhJQrA=="
    },
    "inherits": {
      "version": "2.0.3",
      "resolved": "https://registry.npmjs.org/inherits/-/inherits-2.0.3.tgz",
      "integrity": "sha1-Yzwsg+PaQqUC9SRmAiSA9CCCYd4="
    },
    "invert-kv": {
      "version": "1.0.0",
      "resolved": "https://registry.npmjs.org/invert-kv/-/invert-kv-1.0.0.tgz",
      "integrity": "sha1-EEqOSqym09jNFXqO+L+rLXo//bY="
    },
    "is-alphabetical": {
      "version": "1.0.2",
      "resolved": "https://registry.npmjs.org/is-alphabetical/-/is-alphabetical-1.0.2.tgz",
      "integrity": "sha512-V0xN4BYezDHcBSKb1QHUFMlR4as/XEuCZBzMJUU4n7+Cbt33SmUnSol+pnXFvLxSHNq2CemUXNdaXV6Flg7+xg=="
    },
    "is-alphanumerical": {
      "version": "1.0.2",
      "resolved": "https://registry.npmjs.org/is-alphanumerical/-/is-alphanumerical-1.0.2.tgz",
      "integrity": "sha512-pyfU/0kHdISIgslFfZN9nfY1Gk3MquQgUm1mJTjdkEPpkAKNWuBTSqFwewOpR7N351VkErCiyV71zX7mlQQqsg==",
      "requires": {
        "is-alphabetical": "1.0.2",
        "is-decimal": "1.0.2"
      }
    },
    "is-arrayish": {
      "version": "0.2.1",
      "resolved": "https://registry.npmjs.org/is-arrayish/-/is-arrayish-0.2.1.tgz",
      "integrity": "sha1-d8mYQFJ6qOyxqLppe4BkWnqSap0="
    },
    "is-buffer": {
      "version": "1.1.6",
      "resolved": "https://registry.npmjs.org/is-buffer/-/is-buffer-1.1.6.tgz",
      "integrity": "sha512-NcdALwpXkTm5Zvvbk7owOUSvVvBKDgKP5/ewfXEznmQFfs4ZRmanOeKBTjRVjka3QFoN6XJ+9F3USqfHqTaU5w=="
    },
    "is-builtin-module": {
      "version": "1.0.0",
      "resolved": "https://registry.npmjs.org/is-builtin-module/-/is-builtin-module-1.0.0.tgz",
      "integrity": "sha1-VAVy0096wxGfj3bDDLwbHgN6/74=",
      "requires": {
        "builtin-modules": "1.1.1"
      }
    },
    "is-decimal": {
      "version": "1.0.2",
      "resolved": "https://registry.npmjs.org/is-decimal/-/is-decimal-1.0.2.tgz",
      "integrity": "sha512-TRzl7mOCchnhchN+f3ICUCzYvL9ul7R+TYOsZ8xia++knyZAJfv/uA1FvQXsAnYIl1T3B2X5E/J7Wb1QXiIBXg=="
    },
    "is-fullwidth-code-point": {
      "version": "1.0.0",
      "resolved": "https://registry.npmjs.org/is-fullwidth-code-point/-/is-fullwidth-code-point-1.0.0.tgz",
      "integrity": "sha1-754xOG8DGn8NZDr4L95QxFfvAMs=",
      "requires": {
        "number-is-nan": "1.0.1"
      }
    },
    "is-hexadecimal": {
      "version": "1.0.2",
      "resolved": "https://registry.npmjs.org/is-hexadecimal/-/is-hexadecimal-1.0.2.tgz",
      "integrity": "sha512-but/G3sapV3MNyqiDBLrOi4x8uCIw0RY3o/Vb5GT0sMFHrVV7731wFSVy41T5FO1og7G0gXLJh0MkgPRouko/A=="
    },
    "is-plain-obj": {
      "version": "1.1.0",
      "resolved": "https://registry.npmjs.org/is-plain-obj/-/is-plain-obj-1.1.0.tgz",
      "integrity": "sha1-caUMhCnfync8kqOQpKA7OfzVHT4="
    },
    "is-utf8": {
      "version": "0.2.1",
      "resolved": "https://registry.npmjs.org/is-utf8/-/is-utf8-0.2.1.tgz",
      "integrity": "sha1-Sw2hRCEE0bM2NA6AeX6GXPOffXI="
    },
    "is-whitespace-character": {
      "version": "1.0.2",
      "resolved": "https://registry.npmjs.org/is-whitespace-character/-/is-whitespace-character-1.0.2.tgz",
      "integrity": "sha512-SzM+T5GKUCtLhlHFKt2SDAX2RFzfS6joT91F2/WSi9LxgFdsnhfPK/UIA+JhRR2xuyLdrCys2PiFDrtn1fU5hQ=="
    },
    "is-word-character": {
      "version": "1.0.1",
      "resolved": "https://registry.npmjs.org/is-word-character/-/is-word-character-1.0.1.tgz",
      "integrity": "sha1-WgP6HqkazopusMfNdw64bWXIvvs="
    },
    "isarray": {
      "version": "0.0.1",
      "resolved": "https://registry.npmjs.org/isarray/-/isarray-0.0.1.tgz",
      "integrity": "sha1-ihis/Kmo9Bd+Cav8YDiTmwXR7t8="
    },
    "js-yaml": {
      "version": "3.7.0",
      "resolved": "https://registry.npmjs.org/js-yaml/-/js-yaml-3.7.0.tgz",
      "integrity": "sha1-XJZ93YN6m/3KXy3oQlOr6KHAO4A=",
      "requires": {
        "argparse": "1.0.10",
        "esprima": "2.7.3"
      }
    },
    "kebab-case": {
      "version": "1.0.0",
      "resolved": "https://registry.npmjs.org/kebab-case/-/kebab-case-1.0.0.tgz",
      "integrity": "sha1-P55JkK3K0MaGwOcB92RYaPdfkes="
    },
    "kind-of": {
      "version": "3.2.2",
      "resolved": "https://registry.npmjs.org/kind-of/-/kind-of-3.2.2.tgz",
      "integrity": "sha1-MeohpzS6ubuw8yRm2JOupR5KPGQ=",
      "requires": {
        "is-buffer": "1.1.6"
      }
    },
    "lazy-cache": {
      "version": "1.0.4",
      "resolved": "https://registry.npmjs.org/lazy-cache/-/lazy-cache-1.0.4.tgz",
      "integrity": "sha1-odePw6UEdMuAhF07O24dpJpEbo4=",
      "optional": true
    },
    "lcid": {
      "version": "1.0.0",
      "resolved": "https://registry.npmjs.org/lcid/-/lcid-1.0.0.tgz",
      "integrity": "sha1-MIrMr6C8SDo4Z7S28rlQYlHRuDU=",
      "requires": {
        "invert-kv": "1.0.0"
      }
    },
    "load-json-file": {
      "version": "1.1.0",
      "resolved": "https://registry.npmjs.org/load-json-file/-/load-json-file-1.1.0.tgz",
      "integrity": "sha1-lWkFcI1YtLq0wiYbBPWfMcmTdMA=",
      "requires": {
        "graceful-fs": "4.1.11",
        "parse-json": "2.2.0",
        "pify": "2.3.0",
        "pinkie-promise": "2.0.1",
        "strip-bom": "2.0.0"
      }
    },
    "longest": {
      "version": "1.0.1",
      "resolved": "https://registry.npmjs.org/longest/-/longest-1.0.1.tgz",
      "integrity": "sha1-MKCy2jj3N3DoKUoNIuZiXtd9AJc="
    },
    "lowlight": {
      "version": "1.9.1",
      "resolved": "https://registry.npmjs.org/lowlight/-/lowlight-1.9.1.tgz",
      "integrity": "sha512-CpDhyVhI+xHjruiGvH2F/Fr5q5aTn5A6Oyh7MI+4oI8G0A1E7p9a3Zqv9Hzx9WByK8gAiNifEueAXz+cA2xdEA==",
      "requires": {
        "highlight.js": "9.12.0"
      }
    },
    "markdown-escapes": {
      "version": "1.0.2",
      "resolved": "https://registry.npmjs.org/markdown-escapes/-/markdown-escapes-1.0.2.tgz",
      "integrity": "sha512-lbRZ2mE3Q9RtLjxZBZ9+IMl68DKIXaVAhwvwn9pmjnPLS0h/6kyBMgNhqi1xFJ/2yv6cSyv0jbiZavZv93JkkA=="
    },
    "markdown-stream-utils": {
      "version": "1.5.0",
      "resolved": "https://registry.npmjs.org/markdown-stream-utils/-/markdown-stream-utils-1.5.0.tgz",
      "integrity": "sha1-aOmZvXM16lBVB7e9LvFnhYQUqms=",
      "requires": {
        "highlight.js": "9.9.0",
        "js-yaml": "3.7.0",
        "marked": "0.3.19",
        "through2": "0.6.5",
        "xtend": "4.0.1"
      },
      "dependencies": {
        "highlight.js": {
          "version": "9.9.0",
          "resolved": "https://registry.npmjs.org/highlight.js/-/highlight.js-9.9.0.tgz",
          "integrity": "sha1-uZldz9wnc+MHo08EYNkrmkdHgsA="
        }
      }
    },
    "markdown-styles": {
      "version": "3.1.10",
      "resolved": "https://registry.npmjs.org/markdown-styles/-/markdown-styles-3.1.10.tgz",
      "integrity": "sha512-zAaffllokTrNrD9ACdrJEZ6YyG2lzVO7hc0yhBsCph5+Kd/CCmZoehOxUIZuqX3bG1gE2IgVaBX+IcxN7Ei/sQ==",
      "requires": {
        "handlebars": "4.0.11",
        "markdown-stream-utils": "1.5.0",
        "mkdirp": "0.5.1",
        "pipe-iterators": "1.3.0",
        "resolve": "1.4.0",
        "wildglob": "0.1.1",
        "xtend": "4.0.1",
        "yargs": "6.6.0"
      }
    },
    "marked": {
      "version": "0.3.19",
      "resolved": "https://registry.npmjs.org/marked/-/marked-0.3.19.tgz",
      "integrity": "sha512-ea2eGWOqNxPcXv8dyERdSr/6FmzvWwzjMxpfGB/sbMccXoct+xY+YukPD+QTUZwyvK7BZwcr4m21WBOW41pAkg=="
    },
    "mdast-util-definitions": {
      "version": "1.2.2",
      "resolved": "https://registry.npmjs.org/mdast-util-definitions/-/mdast-util-definitions-1.2.2.tgz",
      "integrity": "sha512-9NloPSwaB9f1PKcGqaScfqRf6zKOEjTIXVIbPOmgWI/JKxznlgVXC5C+8qgl3AjYg2vJBRgLYfLICaNiac89iA==",
      "requires": {
        "unist-util-visit": "1.3.0"
      }
    },
    "mdast-util-to-hast": {
      "version": "3.0.0",
      "resolved": "https://registry.npmjs.org/mdast-util-to-hast/-/mdast-util-to-hast-3.0.0.tgz",
      "integrity": "sha512-zvEXH2AUevWfKuBqtEPNcDUPI8UC6yIVvgEgNi1v1dLnzb5Pfm+PZjnZn0FhW1WmHcrGMX059MAoqicEauzjcw==",
      "requires": {
        "collapse-white-space": "1.0.4",
        "detab": "2.0.1",
        "mdast-util-definitions": "1.2.2",
        "mdurl": "1.0.1",
        "trim": "0.0.1",
        "trim-lines": "1.1.1",
        "unist-builder": "1.0.2",
        "unist-util-generated": "1.1.1",
        "unist-util-position": "3.0.0",
        "unist-util-visit": "1.3.0",
        "xtend": "4.0.1"
      }
    },
    "mdurl": {
      "version": "1.0.1",
      "resolved": "https://registry.npmjs.org/mdurl/-/mdurl-1.0.1.tgz",
      "integrity": "sha1-/oWy7HWlkDfyrf7BAP1sYBdhFS4="
    },
    "merge-stream": {
      "version": "1.0.1",
      "resolved": "https://registry.npmjs.org/merge-stream/-/merge-stream-1.0.1.tgz",
      "integrity": "sha1-QEEgLVCKNCugAXQAjfDCUbjBNeE=",
      "requires": {
        "readable-stream": "2.3.6"
      },
      "dependencies": {
        "isarray": {
          "version": "1.0.0",
          "resolved": "https://registry.npmjs.org/isarray/-/isarray-1.0.0.tgz",
          "integrity": "sha1-u5NdSFgsuhaMBoNJV6VKPgcSTxE="
        },
        "readable-stream": {
          "version": "2.3.6",
          "resolved": "https://registry.npmjs.org/readable-stream/-/readable-stream-2.3.6.tgz",
          "integrity": "sha512-tQtKA9WIAhBF3+VLAseyMqZeBjW0AHJoxOtYqSUZNJxauErmLbVm2FW1y+J/YA9dUrAC39ITejlZWhVIwawkKw==",
          "requires": {
            "core-util-is": "1.0.2",
            "inherits": "2.0.3",
            "isarray": "1.0.0",
            "process-nextick-args": "2.0.0",
            "safe-buffer": "5.1.2",
            "string_decoder": "1.1.1",
            "util-deprecate": "1.0.2"
          }
        },
        "string_decoder": {
          "version": "1.1.1",
          "resolved": "https://registry.npmjs.org/string_decoder/-/string_decoder-1.1.1.tgz",
          "integrity": "sha512-n/ShnvDi6FHbbVfviro+WojiFzv+s8MPMHBczVePfUpDJLwoLT0ht1l4YwBCbi8pJAveEEdnkHyPyTP/mzRfwg==",
          "requires": {
            "safe-buffer": "5.1.2"
          }
        }
      }
    },
    "microee": {
      "version": "0.0.6",
      "resolved": "https://registry.npmjs.org/microee/-/microee-0.0.6.tgz",
      "integrity": "sha1-oSvbAQNoHosSapsHHrpMRnx4//4="
    },
    "minimatch": {
      "version": "3.0.4",
      "resolved": "https://registry.npmjs.org/minimatch/-/minimatch-3.0.4.tgz",
      "integrity": "sha512-yJHVQEhyqPLUTgt9B83PXu6W3rx4MvvHvSUvToogpwoGDOUQ+yDrR0HRot+yOCdCO7u4hX3pWft6kWBBcqh0UA==",
      "requires": {
        "brace-expansion": "1.1.11"
      }
    },
    "minimist": {
      "version": "0.0.10",
      "resolved": "https://registry.npmjs.org/minimist/-/minimist-0.0.10.tgz",
      "integrity": "sha1-3j+YVD2/lggr5IrRoMfNqDYwHc8="
    },
    "miniq": {
      "version": "1.0.1",
      "resolved": "https://registry.npmjs.org/miniq/-/miniq-1.0.1.tgz",
      "integrity": "sha1-hV7SmtMZRW8IeFobTwa7vdmk8sE=",
      "requires": {
        "microee": "0.0.6",
        "ondone": "1.0.0"
      }
    },
    "mkdirp": {
      "version": "0.5.1",
      "resolved": "https://registry.npmjs.org/mkdirp/-/mkdirp-0.5.1.tgz",
      "integrity": "sha1-MAV0OOrGz3+MR2fzhkjWaX11yQM=",
      "requires": {
        "minimist": "0.0.8"
      },
      "dependencies": {
        "minimist": {
          "version": "0.0.8",
          "resolved": "https://registry.npmjs.org/minimist/-/minimist-0.0.8.tgz",
          "integrity": "sha1-hX/Kv8M5fSYluCKCYuhqp6ARsF0="
        }
      }
    },
    "mm-brace-expand": {
      "version": "0.0.1",
      "resolved": "https://registry.npmjs.org/mm-brace-expand/-/mm-brace-expand-0.0.1.tgz",
      "integrity": "sha1-jrbgqZ+HrTT/8YJzMRBJadjFBP4="
    },
    "normalize-package-data": {
      "version": "2.4.0",
      "resolved": "https://registry.npmjs.org/normalize-package-data/-/normalize-package-data-2.4.0.tgz",
      "integrity": "sha512-9jjUFbTPfEy3R/ad/2oNbKtW9Hgovl5O1FvFWKkKblNXoN/Oou6+9+KKohPK13Yc3/TyunyWhJp6gvRNR/PPAw==",
      "requires": {
        "hosted-git-info": "2.6.0",
        "is-builtin-module": "1.0.0",
        "semver": "5.5.0",
        "validate-npm-package-license": "3.0.3"
      }
    },
    "number-is-nan": {
      "version": "1.0.1",
      "resolved": "https://registry.npmjs.org/number-is-nan/-/number-is-nan-1.0.1.tgz",
      "integrity": "sha1-CXtgK1NCKlIsGvuHkDGDNpQaAR0="
    },
    "object-assign": {
      "version": "4.1.1",
      "resolved": "https://registry.npmjs.org/object-assign/-/object-assign-4.1.1.tgz",
      "integrity": "sha1-IQmtx5ZYh8/AXLvUQsrIv7s2CGM="
    },
    "ondone": {
      "version": "1.0.0",
      "resolved": "https://registry.npmjs.org/ondone/-/ondone-1.0.0.tgz",
      "integrity": "sha1-+yCDFtesKVG9zGlqfYZL8hr3oAg="
    },
    "optimist": {
      "version": "0.6.1",
      "resolved": "https://registry.npmjs.org/optimist/-/optimist-0.6.1.tgz",
      "integrity": "sha1-2j6nRob6IaGaERwybpDrFaAZZoY=",
      "requires": {
        "minimist": "0.0.10",
        "wordwrap": "0.0.3"
      }
    },
    "os-locale": {
      "version": "1.4.0",
      "resolved": "https://registry.npmjs.org/os-locale/-/os-locale-1.4.0.tgz",
      "integrity": "sha1-IPnxeuKe00XoveWDsT0gCYA8FNk=",
      "requires": {
        "lcid": "1.0.0"
      }
    },
    "parse-entities": {
      "version": "1.1.1",
      "resolved": "https://registry.npmjs.org/parse-entities/-/parse-entities-1.1.1.tgz",
      "integrity": "sha1-gRLYhHExnyerrk1klksSL+ThuJA=",
      "requires": {
        "character-entities": "1.2.2",
        "character-entities-legacy": "1.1.2",
        "character-reference-invalid": "1.1.2",
        "is-alphanumerical": "1.0.2",
        "is-decimal": "1.0.2",
        "is-hexadecimal": "1.0.2"
      }
    },
    "parse-json": {
      "version": "2.2.0",
      "resolved": "https://registry.npmjs.org/parse-json/-/parse-json-2.2.0.tgz",
      "integrity": "sha1-9ID0BDTvgHQfhGkJn43qGPVaTck=",
      "requires": {
        "error-ex": "1.3.1"
      }
    },
    "path-exists": {
      "version": "2.1.0",
      "resolved": "https://registry.npmjs.org/path-exists/-/path-exists-2.1.0.tgz",
      "integrity": "sha1-D+tsZPD8UY2adU3V77YscCJ2H0s=",
      "requires": {
        "pinkie-promise": "2.0.1"
      }
    },
    "path-parse": {
      "version": "1.0.5",
      "resolved": "https://registry.npmjs.org/path-parse/-/path-parse-1.0.5.tgz",
      "integrity": "sha1-PBrfhx6pzWyUMbbqK9dKD/BVxME="
    },
    "path-type": {
      "version": "1.1.0",
      "resolved": "https://registry.npmjs.org/path-type/-/path-type-1.1.0.tgz",
      "integrity": "sha1-WcRPfuSR2nBNpBXaWkBwuk+P5EE=",
      "requires": {
        "graceful-fs": "4.1.11",
        "pify": "2.3.0",
        "pinkie-promise": "2.0.1"
      }
    },
    "pify": {
      "version": "2.3.0",
      "resolved": "https://registry.npmjs.org/pify/-/pify-2.3.0.tgz",
      "integrity": "sha1-7RQaasBDqEnqWISY59yosVMw6Qw="
    },
    "pinkie": {
      "version": "2.0.4",
      "resolved": "https://registry.npmjs.org/pinkie/-/pinkie-2.0.4.tgz",
      "integrity": "sha1-clVrgM+g1IqXToDnckjoDtT3+HA="
    },
    "pinkie-promise": {
      "version": "2.0.1",
      "resolved": "https://registry.npmjs.org/pinkie-promise/-/pinkie-promise-2.0.1.tgz",
      "integrity": "sha1-ITXW36ejWMBprJsXh3YogihFD/o=",
      "requires": {
        "pinkie": "2.0.4"
      }
    },
    "pipe-iterators": {
      "version": "1.3.0",
      "resolved": "https://registry.npmjs.org/pipe-iterators/-/pipe-iterators-1.3.0.tgz",
      "integrity": "sha1-BftiWCLXED3Exz+/6BdYTKVh8Lg=",
      "requires": {
        "clone": "1.0.4",
        "merge-stream": "1.0.1",
        "miniq": "1.0.1",
        "readable-stream": "2.0.6",
        "through2": "2.0.3",
        "xtend": "4.0.1"
      },
      "dependencies": {
        "isarray": {
          "version": "1.0.0",
          "resolved": "https://registry.npmjs.org/isarray/-/isarray-1.0.0.tgz",
          "integrity": "sha1-u5NdSFgsuhaMBoNJV6VKPgcSTxE="
        },
        "process-nextick-args": {
          "version": "1.0.7",
          "resolved": "https://registry.npmjs.org/process-nextick-args/-/process-nextick-args-1.0.7.tgz",
          "integrity": "sha1-FQ4gt1ZZCtP5EJPyWk8q2L/zC6M="
        },
        "readable-stream": {
          "version": "2.0.6",
          "resolved": "https://registry.npmjs.org/readable-stream/-/readable-stream-2.0.6.tgz",
          "integrity": "sha1-j5A0HmilPMySh4jaz80Rs265t44=",
          "requires": {
            "core-util-is": "1.0.2",
            "inherits": "2.0.3",
            "isarray": "1.0.0",
            "process-nextick-args": "1.0.7",
            "string_decoder": "0.10.31",
            "util-deprecate": "1.0.2"
          }
        },
        "through2": {
          "version": "2.0.3",
          "resolved": "https://registry.npmjs.org/through2/-/through2-2.0.3.tgz",
          "integrity": "sha1-AARWmzfHx0ujnEPzzteNGtlBQL4=",
          "requires": {
            "readable-stream": "2.3.6",
            "xtend": "4.0.1"
          },
          "dependencies": {
            "process-nextick-args": {
              "version": "2.0.0",
              "resolved": "https://registry.npmjs.org/process-nextick-args/-/process-nextick-args-2.0.0.tgz",
              "integrity": "sha512-MtEC1TqN0EU5nephaJ4rAtThHtC86dNN9qCuEhtshvpVBkAW5ZO7BASN9REnF9eoXGcRub+pFuKEpOHE+HbEMw=="
            },
            "readable-stream": {
              "version": "2.3.6",
              "resolved": "https://registry.npmjs.org/readable-stream/-/readable-stream-2.3.6.tgz",
              "integrity": "sha512-tQtKA9WIAhBF3+VLAseyMqZeBjW0AHJoxOtYqSUZNJxauErmLbVm2FW1y+J/YA9dUrAC39ITejlZWhVIwawkKw==",
              "requires": {
                "core-util-is": "1.0.2",
                "inherits": "2.0.3",
                "isarray": "1.0.0",
                "process-nextick-args": "2.0.0",
                "safe-buffer": "5.1.2",
                "string_decoder": "1.1.1",
                "util-deprecate": "1.0.2"
              }
            },
            "string_decoder": {
              "version": "1.1.1",
              "resolved": "https://registry.npmjs.org/string_decoder/-/string_decoder-1.1.1.tgz",
              "integrity": "sha512-n/ShnvDi6FHbbVfviro+WojiFzv+s8MPMHBczVePfUpDJLwoLT0ht1l4YwBCbi8pJAveEEdnkHyPyTP/mzRfwg==",
              "requires": {
                "safe-buffer": "5.1.2"
              }
            }
          }
        }
      }
    },
    "process-nextick-args": {
      "version": "2.0.0",
      "resolved": "https://registry.npmjs.org/process-nextick-args/-/process-nextick-args-2.0.0.tgz",
      "integrity": "sha512-MtEC1TqN0EU5nephaJ4rAtThHtC86dNN9qCuEhtshvpVBkAW5ZO7BASN9REnF9eoXGcRub+pFuKEpOHE+HbEMw=="
    },
    "property-information": {
      "version": "3.2.0",
      "resolved": "https://registry.npmjs.org/property-information/-/property-information-3.2.0.tgz",
      "integrity": "sha1-/RSDyPusYYCPX+NZ52k6H0ilgzE="
    },
    "read-pkg": {
      "version": "1.1.0",
      "resolved": "https://registry.npmjs.org/read-pkg/-/read-pkg-1.1.0.tgz",
      "integrity": "sha1-9f+qXs0pyzHAR0vKfXVra7KePyg=",
      "requires": {
        "load-json-file": "1.1.0",
        "normalize-package-data": "2.4.0",
        "path-type": "1.1.0"
      }
    },
    "read-pkg-up": {
      "version": "1.0.1",
      "resolved": "https://registry.npmjs.org/read-pkg-up/-/read-pkg-up-1.0.1.tgz",
      "integrity": "sha1-nWPBMnbAZZGNV/ACpX9AobZD+wI=",
      "requires": {
        "find-up": "1.1.2",
        "read-pkg": "1.1.0"
      }
    },
    "readable-stream": {
      "version": "1.0.34",
      "resolved": "https://registry.npmjs.org/readable-stream/-/readable-stream-1.0.34.tgz",
      "integrity": "sha1-Elgg40vIQtLyqq+v5MKRbuMsFXw=",
      "requires": {
        "core-util-is": "1.0.2",
        "inherits": "2.0.3",
        "isarray": "0.0.1",
        "string_decoder": "0.10.31"
      }
    },
    "rehype-document": {
      "version": "2.0.1",
      "resolved": "https://registry.npmjs.org/rehype-document/-/rehype-document-2.0.1.tgz",
      "integrity": "sha1-oOAIEuer0Vi2HRdU0f3au+YIBLw=",
      "requires": {
        "doctype": "2.0.1",
        "hastscript": "3.1.0",
        "unist-builder": "1.0.2"
      }
    },
    "rehype-stringify": {
      "version": "3.0.0",
      "resolved": "https://registry.npmjs.org/rehype-stringify/-/rehype-stringify-3.0.0.tgz",
      "integrity": "sha1-n+8IaCE8Lc4veAt289BIjIXoGes=",
      "requires": {
        "hast-util-to-html": "3.1.0",
        "xtend": "4.0.1"
      }
    },
    "remark-highlight.js": {
      "version": "5.0.0",
      "resolved": "https://registry.npmjs.org/remark-highlight.js/-/remark-highlight.js-5.0.0.tgz",
      "integrity": "sha1-Ro+4rG4XAr1E7pZw4XLibi+g8Fo=",
      "requires": {
        "lowlight": "1.9.1",
        "unist-util-visit": "1.3.0"
      }
    },
    "remark-html": {
      "version": "7.0.0",
      "resolved": "https://registry.npmjs.org/remark-html/-/remark-html-7.0.0.tgz",
      "integrity": "sha512-jqRzkZXCkM12gIY2ibMLTW41m7rfanliMTVQCFTezHJFsbH00YaTox/BX4gU+f/zCdzfhFJONtebFByvpMv37w==",
      "requires": {
        "hast-util-sanitize": "1.1.2",
        "hast-util-to-html": "3.1.0",
        "mdast-util-to-hast": "3.0.0",
        "xtend": "4.0.1"
      }
    },
    "remark-parse": {
      "version": "5.0.0",
      "resolved": "https://registry.npmjs.org/remark-parse/-/remark-parse-5.0.0.tgz",
      "integrity": "sha512-b3iXszZLH1TLoyUzrATcTQUZrwNl1rE70rVdSruJFlDaJ9z5aMkhrG43Pp68OgfHndL/ADz6V69Zow8cTQu+JA==",
      "requires": {
        "collapse-white-space": "1.0.4",
        "is-alphabetical": "1.0.2",
        "is-decimal": "1.0.2",
        "is-whitespace-character": "1.0.2",
        "is-word-character": "1.0.1",
        "markdown-escapes": "1.0.2",
        "parse-entities": "1.1.1",
        "repeat-string": "1.6.1",
        "state-toggle": "1.0.1",
        "trim": "0.0.1",
        "trim-trailing-lines": "1.1.0",
        "unherit": "1.1.0",
        "unist-util-remove-position": "1.1.1",
        "vfile-location": "2.0.2",
        "xtend": "4.0.1"
      }
    },
    "remark-rehype": {
      "version": "3.0.0",
      "resolved": "https://registry.npmjs.org/remark-rehype/-/remark-rehype-3.0.0.tgz",
      "integrity": "sha512-WUinfb6vi34f4VYs2XS4HvuYNd0tCu68HOlG4aMp1dfFyVuVfL3aiL9WPw+Q6W99xTTHyxwr7BGO94jF0psoEA==",
      "requires": {
        "mdast-util-to-hast": "3.0.0"
      }
    },
    "repeat-string": {
      "version": "1.6.1",
      "resolved": "https://registry.npmjs.org/repeat-string/-/repeat-string-1.6.1.tgz",
      "integrity": "sha1-jcrkcOHIirwtYA//Sndihtp15jc="
    },
    "replace-ext": {
      "version": "1.0.0",
      "resolved": "https://registry.npmjs.org/replace-ext/-/replace-ext-1.0.0.tgz",
      "integrity": "sha1-3mMSg3P8v3w8z6TeWkgMRaZ5WOs="
    },
    "require-directory": {
      "version": "2.1.1",
      "resolved": "https://registry.npmjs.org/require-directory/-/require-directory-2.1.1.tgz",
      "integrity": "sha1-jGStX9MNqxyXbiNE/+f3kqam30I="
    },
    "require-main-filename": {
      "version": "1.0.1",
      "resolved": "https://registry.npmjs.org/require-main-filename/-/require-main-filename-1.0.1.tgz",
      "integrity": "sha1-l/cXtp1IeE9fUmpsWqj/3aBVpNE="
    },
    "resolve": {
      "version": "1.4.0",
      "resolved": "https://registry.npmjs.org/resolve/-/resolve-1.4.0.tgz",
      "integrity": "sha512-aW7sVKPufyHqOmyyLzg/J+8606v5nevBgaliIlV7nUpVMsDnoBGV/cbSLNjZAg9q0Cfd/+easKVKQ8vOu8fn1Q==",
      "requires": {
        "path-parse": "1.0.5"
      }
    },
    "right-align": {
      "version": "0.1.3",
      "resolved": "https://registry.npmjs.org/right-align/-/right-align-0.1.3.tgz",
      "integrity": "sha1-YTObci/mo1FWiSENJOFMlhSGE+8=",
      "optional": true,
      "requires": {
        "align-text": "0.1.4"
      }
    },
    "safe-buffer": {
      "version": "5.1.2",
      "resolved": "https://registry.npmjs.org/safe-buffer/-/safe-buffer-5.1.2.tgz",
      "integrity": "sha512-Gd2UZBJDkXlY7GbJxfsE8/nvKkUEU1G38c1siN6QP6a9PT9MmHB8GnpscSmMJSoF8LOIrt8ud/wPtojys4G6+g=="
    },
    "semver": {
      "version": "5.5.0",
      "resolved": "https://registry.npmjs.org/semver/-/semver-5.5.0.tgz",
      "integrity": "sha512-4SJ3dm0WAwWy/NVeioZh5AntkdJoWKxHxcmyP622fOkgHa4z3R0TdBJICINyaSDE6uNwVc8gZr+ZinwZAH4xIA=="
    },
    "set-blocking": {
      "version": "2.0.0",
      "resolved": "https://registry.npmjs.org/set-blocking/-/set-blocking-2.0.0.tgz",
      "integrity": "sha1-BF+XgtARrppoA93TgrJDkrPYkPc="
    },
    "source-map": {
      "version": "0.4.4",
      "resolved": "https://registry.npmjs.org/source-map/-/source-map-0.4.4.tgz",
      "integrity": "sha1-66T12pwNyZneaAMti092FzZSA2s=",
      "requires": {
        "amdefine": "1.0.1"
      }
    },
    "space-separated-tokens": {
      "version": "1.1.2",
      "resolved": "https://registry.npmjs.org/space-separated-tokens/-/space-separated-tokens-1.1.2.tgz",
      "integrity": "sha512-G3jprCEw+xFEs0ORweLmblJ3XLymGGr6hxZYTYZjIlvDti9vOBUjRQa1Rzjt012aRrocKstHwdNi+F7HguPsEA==",
      "requires": {
        "trim": "0.0.1"
      }
    },
    "spdx-correct": {
      "version": "3.0.0",
      "resolved": "https://registry.npmjs.org/spdx-correct/-/spdx-correct-3.0.0.tgz",
      "integrity": "sha512-N19o9z5cEyc8yQQPukRCZ9EUmb4HUpnrmaL/fxS2pBo2jbfcFRVuFZ/oFC+vZz0MNNk0h80iMn5/S6qGZOL5+g==",
      "requires": {
        "spdx-expression-parse": "3.0.0",
        "spdx-license-ids": "3.0.0"
      }
    },
    "spdx-exceptions": {
      "version": "2.1.0",
      "resolved": "https://registry.npmjs.org/spdx-exceptions/-/spdx-exceptions-2.1.0.tgz",
      "integrity": "sha512-4K1NsmrlCU1JJgUrtgEeTVyfx8VaYea9J9LvARxhbHtVtohPs/gFGG5yy49beySjlIMhhXZ4QqujIZEfS4l6Cg=="
    },
    "spdx-expression-parse": {
      "version": "3.0.0",
      "resolved": "https://registry.npmjs.org/spdx-expression-parse/-/spdx-expression-parse-3.0.0.tgz",
      "integrity": "sha512-Yg6D3XpRD4kkOmTpdgbUiEJFKghJH03fiC1OPll5h/0sO6neh2jqRDVHOQ4o/LMea0tgCkbMgea5ip/e+MkWyg==",
      "requires": {
        "spdx-exceptions": "2.1.0",
        "spdx-license-ids": "3.0.0"
      }
    },
    "spdx-license-ids": {
      "version": "3.0.0",
      "resolved": "https://registry.npmjs.org/spdx-license-ids/-/spdx-license-ids-3.0.0.tgz",
      "integrity": "sha512-2+EPwgbnmOIl8HjGBXXMd9NAu02vLjOO1nWw4kmeRDFyHn+M/ETfHxQUK0oXg8ctgVnl9t3rosNVsZ1jG61nDA=="
    },
    "sprintf-js": {
      "version": "1.0.3",
      "resolved": "https://registry.npmjs.org/sprintf-js/-/sprintf-js-1.0.3.tgz",
      "integrity": "sha1-BOaSb2YolTVPPdAVIDYzuFcpfiw="
    },
    "state-toggle": {
      "version": "1.0.1",
      "resolved": "https://registry.npmjs.org/state-toggle/-/state-toggle-1.0.1.tgz",
      "integrity": "sha512-Qe8QntFrrpWTnHwvwj2FZTgv+PKIsp0B9VxLzLLbSpPXWOgRgc5LVj/aTiSfK1RqIeF9jeC1UeOH8Q8y60A7og=="
    },
    "string-width": {
      "version": "1.0.2",
      "resolved": "https://registry.npmjs.org/string-width/-/string-width-1.0.2.tgz",
      "integrity": "sha1-EYvfW4zcUaKn5w0hHgfisLmxB9M=",
      "requires": {
        "code-point-at": "1.1.0",
        "is-fullwidth-code-point": "1.0.0",
        "strip-ansi": "3.0.1"
      }
    },
    "string_decoder": {
      "version": "0.10.31",
      "resolved": "https://registry.npmjs.org/string_decoder/-/string_decoder-0.10.31.tgz",
      "integrity": "sha1-YuIDvEF2bGwoyfyEMB2rHFMQ+pQ="
    },
    "stringify-entities": {
      "version": "1.3.1",
      "resolved": "https://registry.npmjs.org/stringify-entities/-/stringify-entities-1.3.1.tgz",
      "integrity": "sha1-sVDsLXKsTBtfMktR+2soyc3/BYw=",
      "requires": {
        "character-entities-html4": "1.1.2",
        "character-entities-legacy": "1.1.2",
        "is-alphanumerical": "1.0.2",
        "is-hexadecimal": "1.0.2"
      }
    },
    "strip-ansi": {
      "version": "3.0.1",
      "resolved": "https://registry.npmjs.org/strip-ansi/-/strip-ansi-3.0.1.tgz",
      "integrity": "sha1-ajhfuIU9lS1f8F0Oiq+UJ43GPc8=",
      "requires": {
        "ansi-regex": "2.1.1"
      }
    },
    "strip-bom": {
      "version": "2.0.0",
      "resolved": "https://registry.npmjs.org/strip-bom/-/strip-bom-2.0.0.tgz",
      "integrity": "sha1-YhmoVhZSBJHzV4i9vxRHqZx+aw4=",
      "requires": {
        "is-utf8": "0.2.1"
      }
    },
    "through2": {
      "version": "0.6.5",
      "resolved": "https://registry.npmjs.org/through2/-/through2-0.6.5.tgz",
      "integrity": "sha1-QaucZ7KdVyCQcUEOHXp6lozTrUg=",
      "requires": {
        "readable-stream": "1.0.34",
        "xtend": "4.0.1"
      }
    },
    "trim": {
      "version": "0.0.1",
      "resolved": "https://registry.npmjs.org/trim/-/trim-0.0.1.tgz",
      "integrity": "sha1-WFhUf2spB1fulczMZm+1AITEYN0="
    },
    "trim-lines": {
      "version": "1.1.1",
      "resolved": "https://registry.npmjs.org/trim-lines/-/trim-lines-1.1.1.tgz",
      "integrity": "sha512-X+eloHbgJGxczUk1WSjIvn7aC9oN3jVE3rQfRVKcgpavi3jxtCn0VVKtjOBj64Yop96UYn/ujJRpTbCdAF1vyg=="
    },
    "trim-trailing-lines": {
      "version": "1.1.0",
      "resolved": "https://registry.npmjs.org/trim-trailing-lines/-/trim-trailing-lines-1.1.0.tgz",
      "integrity": "sha1-eu+7eAjfnWafbaLkOMrIxGradoQ="
    },
    "trough": {
      "version": "1.0.2",
      "resolved": "https://registry.npmjs.org/trough/-/trough-1.0.2.tgz",
      "integrity": "sha512-FHkoUZvG6Egrv9XZAyYGKEyb1JMsFphgPjoczkZC2y6W93U1jswcVURB8MUvtsahEPEVACyxD47JAL63vF4JsQ=="
    },
    "uglify-js": {
      "version": "2.8.29",
      "resolved": "https://registry.npmjs.org/uglify-js/-/uglify-js-2.8.29.tgz",
      "integrity": "sha1-KcVzMUgFe7Th913zW3qcty5qWd0=",
      "optional": true,
      "requires": {
        "source-map": "0.5.7",
        "uglify-to-browserify": "1.0.2",
        "yargs": "3.10.0"
      },
      "dependencies": {
        "camelcase": {
          "version": "1.2.1",
          "resolved": "https://registry.npmjs.org/camelcase/-/camelcase-1.2.1.tgz",
          "integrity": "sha1-m7UwTS4LVmmLLHWLCKPqqdqlijk=",
          "optional": true
        },
        "source-map": {
          "version": "0.5.7",
          "resolved": "https://registry.npmjs.org/source-map/-/source-map-0.5.7.tgz",
          "integrity": "sha1-igOdLRAh0i0eoUyA2OpGi6LvP8w=",
          "optional": true
        },
        "yargs": {
          "version": "3.10.0",
          "resolved": "https://registry.npmjs.org/yargs/-/yargs-3.10.0.tgz",
          "integrity": "sha1-9+572FfdfB0tOMDnTvvWgdFDH9E=",
          "optional": true,
          "requires": {
            "camelcase": "1.2.1",
            "cliui": "2.1.0",
            "decamelize": "1.2.0",
            "window-size": "0.1.0"
          }
        }
      }
    },
    "uglify-to-browserify": {
      "version": "1.0.2",
      "resolved": "https://registry.npmjs.org/uglify-to-browserify/-/uglify-to-browserify-1.0.2.tgz",
      "integrity": "sha1-bgkk1r2mta/jSeOabWMoUKD4grc=",
      "optional": true
    },
    "unherit": {
      "version": "1.1.0",
      "resolved": "https://registry.npmjs.org/unherit/-/unherit-1.1.0.tgz",
      "integrity": "sha1-a5qu379z3xdWrZ4xbdmBiFhAzX0=",
      "requires": {
        "inherits": "2.0.3",
        "xtend": "4.0.1"
      }
    },
    "unified": {
      "version": "6.1.6",
      "resolved": "https://registry.npmjs.org/unified/-/unified-6.1.6.tgz",
      "integrity": "sha512-pW2f82bCIo2ifuIGYcV12fL96kMMYgw7JKVEgh7ODlrM9rj6vXSY3BV+H6lCcv1ksxynFf582hwWLnA1qRFy4w==",
      "requires": {
        "bail": "1.0.3",
        "extend": "3.0.1",
        "is-plain-obj": "1.1.0",
        "trough": "1.0.2",
        "vfile": "2.3.0",
        "x-is-function": "1.0.4",
        "x-is-string": "0.1.0"
      }
    },
    "unist-builder": {
      "version": "1.0.2",
      "resolved": "https://registry.npmjs.org/unist-builder/-/unist-builder-1.0.2.tgz",
      "integrity": "sha1-jDuZA+9kvPsRfdfPal2Y/Bs7J7Y=",
      "requires": {
        "object-assign": "4.1.1"
      }
    },
    "unist-util-generated": {
      "version": "1.1.1",
      "resolved": "https://registry.npmjs.org/unist-util-generated/-/unist-util-generated-1.1.1.tgz",
      "integrity": "sha1-mfFseJWayFTe58YVwpGSTIv03n8="
    },
    "unist-util-is": {
      "version": "2.1.1",
      "resolved": "https://registry.npmjs.org/unist-util-is/-/unist-util-is-2.1.1.tgz",
      "integrity": "sha1-DDEmKeP5YMZukx6BLT2A53AQlHs="
    },
    "unist-util-position": {
      "version": "3.0.0",
      "resolved": "https://registry.npmjs.org/unist-util-position/-/unist-util-position-3.0.0.tgz",
      "integrity": "sha1-5uHgPu64HF4a/lU+jUrfvXwNj4I="
    },
    "unist-util-remove-position": {
      "version": "1.1.1",
      "resolved": "https://registry.npmjs.org/unist-util-remove-position/-/unist-util-remove-position-1.1.1.tgz",
      "integrity": "sha1-WoXBVV/BugwQG4ZwfRXlD6TIcbs=",
      "requires": {
        "unist-util-visit": "1.3.0"
      }
    },
    "unist-util-stringify-position": {
      "version": "1.1.1",
      "resolved": "https://registry.npmjs.org/unist-util-stringify-position/-/unist-util-stringify-position-1.1.1.tgz",
      "integrity": "sha1-PMvcU2ee7W7PN3fdf14yKcG2qjw="
    },
    "unist-util-visit": {
      "version": "1.3.0",
      "resolved": "https://registry.npmjs.org/unist-util-visit/-/unist-util-visit-1.3.0.tgz",
      "integrity": "sha512-9ntYcxPFtl44gnwXrQKZ5bMqXMY0ZHzUpqMFiU4zcc8mmf/jzYm8GhYgezuUlX4cJIM1zIDYaO6fG/fI+L6iiQ==",
      "requires": {
        "unist-util-is": "2.1.1"
      }
    },
    "util-deprecate": {
      "version": "1.0.2",
      "resolved": "https://registry.npmjs.org/util-deprecate/-/util-deprecate-1.0.2.tgz",
      "integrity": "sha1-RQ1Nyfpw3nMnYvvS1KKJgUGaDM8="
    },
    "validate-npm-package-license": {
      "version": "3.0.3",
      "resolved": "https://registry.npmjs.org/validate-npm-package-license/-/validate-npm-package-license-3.0.3.tgz",
      "integrity": "sha512-63ZOUnL4SIXj4L0NixR3L1lcjO38crAbgrTpl28t8jjrfuiOBL5Iygm+60qPs/KsZGzPNg6Smnc/oY16QTjF0g==",
      "requires": {
        "spdx-correct": "3.0.0",
        "spdx-expression-parse": "3.0.0"
      }
    },
    "vfile": {
      "version": "2.3.0",
      "resolved": "https://registry.npmjs.org/vfile/-/vfile-2.3.0.tgz",
      "integrity": "sha512-ASt4mBUHcTpMKD/l5Q+WJXNtshlWxOogYyGYYrg4lt/vuRjC1EFQtlAofL5VmtVNIZJzWYFJjzGWZ0Gw8pzW1w==",
      "requires": {
        "is-buffer": "1.1.6",
        "replace-ext": "1.0.0",
        "unist-util-stringify-position": "1.1.1",
        "vfile-message": "1.0.0"
      }
    },
    "vfile-location": {
      "version": "2.0.2",
      "resolved": "https://registry.npmjs.org/vfile-location/-/vfile-location-2.0.2.tgz",
      "integrity": "sha1-02dcWch3SY5JK0dW/2Xkrxp1IlU="
    },
    "vfile-message": {
      "version": "1.0.0",
      "resolved": "https://registry.npmjs.org/vfile-message/-/vfile-message-1.0.0.tgz",
      "integrity": "sha512-HPREhzTOB/sNDc9/Mxf8w0FmHnThg5CRSJdR9VRFkD2riqYWs+fuXlj5z8mIpv2LrD7uU41+oPWFOL4Mjlf+dw==",
      "requires": {
        "unist-util-stringify-position": "1.1.1"
      }
    },
    "which-module": {
      "version": "1.0.0",
      "resolved": "https://registry.npmjs.org/which-module/-/which-module-1.0.0.tgz",
      "integrity": "sha1-u6Y8qGGUiZT/MHc2CJ47lgJsKk8="
    },
    "wildglob": {
      "version": "0.1.1",
      "resolved": "https://registry.npmjs.org/wildglob/-/wildglob-0.1.1.tgz",
      "integrity": "sha1-Dz+i9HHeSOwiSW3Vee2o+5Oqeto=",
      "requires": {
        "glob-parse": "0.0.1",
        "microee": "0.0.6",
        "minimatch": "3.0.4",
        "miniq": "1.0.1",
        "mm-brace-expand": "0.0.1",
        "through2": "0.6.5"
      }
    },
    "window-size": {
      "version": "0.1.0",
      "resolved": "https://registry.npmjs.org/window-size/-/window-size-0.1.0.tgz",
      "integrity": "sha1-VDjNLqk7IC76Ohn+iIeu58lPnJ0=",
      "optional": true
    },
    "wordwrap": {
      "version": "0.0.3",
      "resolved": "https://registry.npmjs.org/wordwrap/-/wordwrap-0.0.3.tgz",
      "integrity": "sha1-o9XabNXAvAAI03I0u68b7WMFkQc="
    },
    "wrap-ansi": {
      "version": "2.1.0",
      "resolved": "https://registry.npmjs.org/wrap-ansi/-/wrap-ansi-2.1.0.tgz",
      "integrity": "sha1-2Pw9KE3QV5T+hJc8rs3Rz4JP3YU=",
      "requires": {
        "string-width": "1.0.2",
        "strip-ansi": "3.0.1"
      }
    },
    "x-is-function": {
      "version": "1.0.4",
      "resolved": "https://registry.npmjs.org/x-is-function/-/x-is-function-1.0.4.tgz",
      "integrity": "sha1-XSlNw9Joy90GJYDgxd93o5HR+h4="
    },
    "x-is-string": {
      "version": "0.1.0",
      "resolved": "https://registry.npmjs.org/x-is-string/-/x-is-string-0.1.0.tgz",
      "integrity": "sha1-R0tQhlrzpJqcRlfwWs0UVFj3fYI="
    },
    "xtend": {
      "version": "4.0.1",
      "resolved": "https://registry.npmjs.org/xtend/-/xtend-4.0.1.tgz",
      "integrity": "sha1-pcbVMr5lbiPbgg77lDofBJmNY68="
    },
    "y18n": {
      "version": "3.2.1",
      "resolved": "https://registry.npmjs.org/y18n/-/y18n-3.2.1.tgz",
      "integrity": "sha1-bRX7qITAhnnA136I53WegR4H+kE="
    },
    "yargs": {
      "version": "6.6.0",
      "resolved": "https://registry.npmjs.org/yargs/-/yargs-6.6.0.tgz",
      "integrity": "sha1-eC7CHvQDNF+DCoCMo9UTr1YGUgg=",
      "requires": {
        "camelcase": "3.0.0",
        "cliui": "3.2.0",
        "decamelize": "1.2.0",
        "get-caller-file": "1.0.2",
        "os-locale": "1.4.0",
        "read-pkg-up": "1.0.1",
        "require-directory": "2.1.1",
        "require-main-filename": "1.0.1",
        "set-blocking": "2.0.0",
        "string-width": "1.0.2",
        "which-module": "1.0.0",
        "y18n": "3.2.1",
        "yargs-parser": "4.2.1"
      },
      "dependencies": {
        "cliui": {
          "version": "3.2.0",
          "resolved": "https://registry.npmjs.org/cliui/-/cliui-3.2.0.tgz",
          "integrity": "sha1-EgYBU3qRbSmUD5NNo7SNWFo5IT0=",
          "requires": {
            "string-width": "1.0.2",
            "strip-ansi": "3.0.1",
            "wrap-ansi": "2.1.0"
          }
        }
      }
    },
    "yargs-parser": {
      "version": "4.2.1",
      "resolved": "https://registry.npmjs.org/yargs-parser/-/yargs-parser-4.2.1.tgz",
      "integrity": "sha1-KczqwNxPA8bIe0qfIX3RjJ90hxw=",
      "requires": {
        "camelcase": "3.0.0"
      }
    }
  }
}
